
Microsoft Visual Studio Solution File, Format Version 11.00
# Visual Studio 2010
Project("{FAE04EC0-301F-11D3-BF4B-00C04F79EFBC}") = "COMP305-F2017-MailPilotDemo", "Assembly-CSharp.csproj", "{AA80951F-0C7C-28BD-0ABA-C7E8EF98A45C}"
EndProject
Global
	GlobalSection(SolutionConfigurationPlatforms) = preSolution
		Debug|Any CPU = Debug|Any CPU
		Release|Any CPU = Release|Any CPU
	EndGlobalSection
	GlobalSection(ProjectConfigurationPlatforms) = postSolution
		{AA80951F-0C7C-28BD-0ABA-C7E8EF98A45C}.Debug|Any CPU.ActiveCfg = Debug|Any CPU
		{AA80951F-0C7C-28BD-0ABA-C7E8EF98A45C}.Debug|Any CPU.Build.0 = Debug|Any CPU
		{AA80951F-0C7C-28BD-0ABA-C7E8EF98A45C}.Release|Any CPU.ActiveCfg = Release|Any CPU
		{AA80951F-0C7C-28BD-0ABA-C7E8EF98A45C}.Release|Any CPU.Build.0 = Release|Any CPU
	EndGlobalSection
	GlobalSection(SolutionProperties) = preSolution
		HideSolutionNode = FALSE
	EndGlobalSection
	GlobalSection(MonoDevelopProperties) = preSolution
		StartupItem = Assembly-CSharp.csproj
	EndGlobalSection
EndGlobal
